
Microsoft Visual Studio Solution File, Format Version 12.00
# Visual Studio Version 17
VisualStudioVersion = 17.1.32421.90
MinimumVisualStudioVersion = 10.0.40219.1
Project("{9A19103F-16F7-4668-BE54-9A1E7A4F7556}") = "ZeikomiRetweetWordCloudConsole", "ZeikomiRetweetWordCloudConsole\ZeikomiRetweetWordCloudConsole.csproj", "{01B216D4-EB23-4809-B9F5-E683FC317627}"
EndProject
Project("{54435603-DBB4-11D2-8724-00A0C9A8B90C}") = "ZeikomiRetweetWordCloudConsoleInstaller", "ZeikomiRetweetWordCloudConsoleInstaller\ZeikomiRetweetWordCloudConsoleInstaller.vdproj", "{A12954F1-F9B0-40C2-A39D-E0B38ED41700}"
EndProject
Global
	GlobalSection(SolutionConfigurationPlatforms) = preSolution
		Debug|Any CPU = Debug|Any CPU
		Release|Any CPU = Release|Any CPU
	EndGlobalSection
	GlobalSection(ProjectConfigurationPlatforms) = postSolution
		{01B216D4-EB23-4809-B9F5-E683FC317627}.Debug|Any CPU.ActiveCfg = Debug|Any CPU
		{01B216D4-EB23-4809-B9F5-E683FC317627}.Debug|Any CPU.Build.0 = Debug|Any CPU
		{01B216D4-EB23-4809-B9F5-E683FC317627}.Release|Any CPU.ActiveCfg = Release|Any CPU
		{01B216D4-EB23-4809-B9F5-E683FC317627}.Release|Any CPU.Build.0 = Release|Any CPU
		{A12954F1-F9B0-40C2-A39D-E0B38ED41700}.Debug|Any CPU.ActiveCfg = Debug
		{A12954F1-F9B0-40C2-A39D-E0B38ED41700}.Release|Any CPU.ActiveCfg = Release
	EndGlobalSection
	GlobalSection(SolutionProperties) = preSolution
		HideSolutionNode = FALSE
	EndGlobalSection
	GlobalSection(ExtensibilityGlobals) = postSolution
		SolutionGuid = {9154C4B8-6264-436C-8F02-65A3D65E8965}
	EndGlobalSection
EndGlobal
